<?xml version="1.0" encoding="utf-8"?>
<Project ToolsVersion="4.0" xmlns="http://schemas.microsoft.com/developer/msbuild/2003">
  <ItemGroup>
    <Filter Include="Source Files">
      <UniqueIdentifier>{4FC737F1-C7A5-4376-A066-2A32D752A2FF}</UniqueIdentifier>
      <Extensions>cpp;c;cc;cxx;def;odl;idl;hpj;bat;asm;asmx</Extensions>
    </Filter>
    <Filter Include="Header Files">
      <UniqueIdentifier>{93995380-89BD-4b04-88EB-625FBE52EBFB}</UniqueIdentifier>
      <Extensions>h;hh;hpp;hxx;hm;inl;inc;xsd</Extensions>
    </Filter>
    <Filter Include="Resource Files">
      <UniqueIdentifier>{67DA6AB6-F800-4c08-8B7A-83BB121AAD01}</UniqueIdentifier>
      <Extensions>rc;ico;cur;bmp;dlg;rc2;rct;bin;rgs;gif;jpg;jpeg;jpe;resx;tiff;tif;png;wav</Extensions>
    </Filter>
  </ItemGroup>
  <ItemGroup>
    <ClCompile Include="CameraTransparencyComponent.cpp">
      <Filter>Source Files</Filter>
    </ClCompile>
    <ClCompile Include="CombatComponent.cpp">
      <Filter>Source Files</Filter>
    </ClCompile>
    <ClCompile Include="EnemyBoss.cpp">
      <Filter>Source Files</Filter>
    </ClCompile>
    <ClCompile Include="EnemyCharacter.cpp">
      <Filter>Source Files</Filter>
    </ClCompile>
    <ClCompile Include="EnumCollection.cpp">
      <Filter>Source Files</Filter>
    </ClCompile>
    <ClCompile Include="EquipItem.cpp">
      <Filter>Source Files</Filter>
    </ClCompile>
    <ClCompile Include="EquipmentComponent.cpp">
      <Filter>Source Files</Filter>
    </ClCompile>
    <ClCompile Include="GrowingHero.cpp">
      <Filter>Source Files</Filter>
    </ClCompile>
    <ClCompile Include="GrowingHeroGameModeBase.cpp">
      <Filter>Source Files</Filter>
    </ClCompile>
    <ClCompile Include="GrowingHeroSaveGame.cpp">
      <Filter>Source Files</Filter>
    </ClCompile>
    <ClCompile Include="HotKeyComponent.cpp">
      <Filter>Source Files</Filter>
    </ClCompile>
    <ClCompile Include="InterfaceProp.cpp">
      <Filter>Source Files</Filter>
    </ClCompile>
    <ClCompile Include="InterfaceProp_Field.cpp">
      <Filter>Source Files</Filter>
    </ClCompile>
    <ClCompile Include="InterfaceProp_Inventory.cpp">
      <Filter>Source Files</Filter>
    </ClCompile>
    <ClCompile Include="InventoryComponent.cpp">
      <Filter>Source Files</Filter>
    </ClCompile>
    <ClCompile Include="MainGameInstance.cpp">
      <Filter>Source Files</Filter>
    </ClCompile>
    <ClCompile Include="MyCharacter.cpp">
      <Filter>Source Files</Filter>
    </ClCompile>
    <ClCompile Include="MyCharacterController.cpp">
      <Filter>Source Files</Filter>
    </ClCompile>
    <ClCompile Include="NPCBase.cpp">
      <Filter>Source Files</Filter>
    </ClCompile>
    <ClCompile Include="OtherPlayer.cpp">
      <Filter>Source Files</Filter>
    </ClCompile>
    <ClCompile Include="QuestMGR.cpp">
      <Filter>Source Files</Filter>
    </ClCompile>
    <ClCompile Include="SkillComponent.cpp">
      <Filter>Source Files</Filter>
    </ClCompile>
    <ClCompile Include="StatComponent.cpp">
      <Filter>Source Files</Filter>
    </ClCompile>
    <ClCompile Include="StructureCollection.cpp">
      <Filter>Source Files</Filter>
    </ClCompile>
    <ClCompile Include="UnitAnimInstance.cpp">
      <Filter>Source Files</Filter>
    </ClCompile>
    <ClCompile Include="UnitBase.cpp">
      <Filter>Source Files</Filter>
    </ClCompile>
    <ClCompile Include="ai\AIControllerBase.cpp">
      <Filter>Source Files</Filter>
    </ClCompile>
    <ClCompile Include="ai\BossAIController.cpp">
      <Filter>Source Files</Filter>
    </ClCompile>
    <ClCompile Include="ai\Decorator_IsInAttackRange.cpp">
      <Filter>Source Files</Filter>
    </ClCompile>
    <ClCompile Include="ai\Deco_CheckUnitState.cpp">
      <Filter>Source Files</Filter>
    </ClCompile>
    <ClCompile Include="ai\EnemyAIController.cpp">
      <Filter>Source Files</Filter>
    </ClCompile>
    <ClCompile Include="ai\Service_Detect.cpp">
      <Filter>Source Files</Filter>
    </ClCompile>
    <ClCompile Include="ai\SummonAIController.cpp">
      <Filter>Source Files</Filter>
    </ClCompile>
    <ClCompile Include="ai\Task_AttackTarget.cpp">
      <Filter>Source Files</Filter>
    </ClCompile>
    <ClCompile Include="ai\Task_FindPatrolPos.cpp">
      <Filter>Source Files</Filter>
    </ClCompile>
    <ClCompile Include="ai\Tast_SetUnitState.cpp">
      <Filter>Source Files</Filter>
    </ClCompile>
    <ClCompile Include="interfacesystem\UISC_EnergyControlSystem.cpp">
      <Filter>Source Files</Filter>
    </ClCompile>
    <ClCompile Include="interfacesystem\UISC_EquipSystem.cpp">
      <Filter>Source Files</Filter>
    </ClCompile>
    <ClCompile Include="interfacesystem\UISC_MGR.cpp">
      <Filter>Source Files</Filter>
    </ClCompile>
    <ClCompile Include="interfacesystem\UISC_StatUp.cpp">
      <Filter>Source Files</Filter>
    </ClCompile>
    <ClCompile Include="interfacesystem\UserInterfaceSystemComponent.cpp">
      <Filter>Source Files</Filter>
    </ClCompile>
    <ClCompile Include="network\Buffer.cpp">
      <Filter>Source Files</Filter>
    </ClCompile>
    <ClCompile Include="network\NetworkThread.cpp">
      <Filter>Source Files</Filter>
    </ClCompile>
    <ClCompile Include="network\ServerPacketHandler.cpp">
      <Filter>Source Files</Filter>
    </ClCompile>
    <ClCompile Include="network\ServerSession.cpp">
      <Filter>Source Files</Filter>
    </ClCompile>
    <ClCompile Include="network\Enum.pb.cc">
      <Filter>Source Files</Filter>
    </ClCompile>
    <ClCompile Include="network\Protocol.pb.cc">
      <Filter>Source Files</Filter>
    </ClCompile>
    <ClCompile Include="network\Struct.pb.cc">
      <Filter>Source Files</Filter>
    </ClCompile>
    <ClCompile Include="skill\Buff.cpp">
      <Filter>Source Files</Filter>
    </ClCompile>
    <ClCompile Include="skill\BuffEffectBase.cpp">
      <Filter>Source Files</Filter>
    </ClCompile>
    <ClCompile Include="skill\Projectile.cpp">
      <Filter>Source Files</Filter>
    </ClCompile>
    <ClCompile Include="skill\SkillBase.cpp">
      <Filter>Source Files</Filter>
    </ClCompile>
    <ClCompile Include="skill\Summoned_Warrior.cpp">
      <Filter>Source Files</Filter>
    </ClCompile>
    <ClCompile Include="skill\Summons_Fix.cpp">
      <Filter>Source Files</Filter>
    </ClCompile>
    <ClCompile Include="skill\Summons_Warrior.cpp">
      <Filter>Source Files</Filter>
    </ClCompile>
    <ClCompile Include="umg\InterfaceWithHotKeySlot_Base.cpp">
      <Filter>Source Files</Filter>
    </ClCompile>
    <ClCompile Include="umg\Interface_Window_Slot.cpp">
      <Filter>Source Files</Filter>
    </ClCompile>
    <ClCompile Include="umg\UMG_ChatBox.cpp">
      <Filter>Source Files</Filter>
    </ClCompile>
    <ClCompile Include="umg\UMG_ChatLine.cpp">
      <Filter>Source Files</Filter>
    </ClCompile>
    <ClCompile Include="umg\UMG_EquipmentFrame.cpp">
      <Filter>Source Files</Filter>
    </ClCompile>
    <ClCompile Include="umg\UMG_EquipmentSlot.cpp">
      <Filter>Source Files</Filter>
    </ClCompile>
    <ClCompile Include="umg\UMG_EquipmentWindow.cpp">
      <Filter>Source Files</Filter>
    </ClCompile>
    <ClCompile Include="umg\UMG_Frame.cpp">
      <Filter>Source Files</Filter>
    </ClCompile>
    <ClCompile Include="umg\UMG_GameHUD.cpp">
      <Filter>Source Files</Filter>
    </ClCompile>
    <ClCompile Include="umg\UMG_HotKeySlot.cpp">
      <Filter>Source Files</Filter>
    </ClCompile>
    <ClCompile Include="umg\UMG_HotKeyWindow.cpp">
      <Filter>Source Files</Filter>
    </ClCompile>
    <ClCompile Include="umg\UMG_InventoryFrame.cpp">
      <Filter>Source Files</Filter>
    </ClCompile>
    <ClCompile Include="umg\UMG_InventorySlot.cpp">
      <Filter>Source Files</Filter>
    </ClCompile>
    <ClCompile Include="umg\UMG_InventoryWindow.cpp">
      <Filter>Source Files</Filter>
    </ClCompile>
    <ClCompile Include="umg\UMG_Inven_ConsumptionSlot.cpp">
      <Filter>Source Files</Filter>
    </ClCompile>
    <ClCompile Include="umg\UMG_Inven_EquipmentSlot.cpp">
      <Filter>Source Files</Filter>
    </ClCompile>
    <ClCompile Include="umg\UMG_MainMenu.cpp">
      <Filter>Source Files</Filter>
    </ClCompile>
    <ClCompile Include="umg\UMG_SkillFrame.cpp">
      <Filter>Source Files</Filter>
    </ClCompile>
    <ClCompile Include="umg\UMG_SkillSlot.cpp">
      <Filter>Source Files</Filter>
    </ClCompile>
    <ClCompile Include="umg\UMG_SkillWindow.cpp">
      <Filter>Source Files</Filter>
    </ClCompile>
    <ClCompile Include="umg\UMG_StatFrame.cpp">
      <Filter>Source Files</Filter>
    </ClCompile>
    <ClCompile Include="umg\UMG_StatWindow.cpp">
      <Filter>Source Files</Filter>
    </ClCompile>
  </ItemGroup>
  <ItemGroup>
    <ClInclude Include="CameraTransparencyComponent.h">
      <Filter>Header Files</Filter>
    </ClInclude>
    <ClInclude Include="CombatComponent.h">
      <Filter>Header Files</Filter>
    </ClInclude>
    <ClInclude Include="EnemyBoss.h">
      <Filter>Header Files</Filter>
    </ClInclude>
    <ClInclude Include="EnemyCharacter.h">
      <Filter>Header Files</Filter>
    </ClInclude>
    <ClInclude Include="EnumCollection.h">
      <Filter>Header Files</Filter>
    </ClInclude>
    <ClInclude Include="EquipItem.h">
      <Filter>Header Files</Filter>
    </ClInclude>
    <ClInclude Include="EquipmentComponent.h">
      <Filter>Header Files</Filter>
    </ClInclude>
    <ClInclude Include="GrowingHero.h">
      <Filter>Header Files</Filter>
    </ClInclude>
    <ClInclude Include="GrowingHeroGameModeBase.h">
      <Filter>Header Files</Filter>
    </ClInclude>
    <ClInclude Include="GrowingHeroSaveGame.h">
      <Filter>Header Files</Filter>
    </ClInclude>
    <ClInclude Include="HotKeyComponent.h">
      <Filter>Header Files</Filter>
    </ClInclude>
    <ClInclude Include="InterfaceProp.h">
      <Filter>Header Files</Filter>
    </ClInclude>
    <ClInclude Include="InterfaceProp_Field.h">
      <Filter>Header Files</Filter>
    </ClInclude>
    <ClInclude Include="InterfaceProp_Inventory.h">
      <Filter>Header Files</Filter>
    </ClInclude>
    <ClInclude Include="InventoryComponent.h">
      <Filter>Header Files</Filter>
    </ClInclude>
    <ClInclude Include="MainGameInstance.h">
      <Filter>Header Files</Filter>
    </ClInclude>
    <ClInclude Include="MyCharacter.h">
      <Filter>Header Files</Filter>
    </ClInclude>
    <ClInclude Include="MyCharacterController.h">
      <Filter>Header Files</Filter>
    </ClInclude>
    <ClInclude Include="NPCBase.h">
      <Filter>Header Files</Filter>
    </ClInclude>
    <ClInclude Include="OtherPlayer.h">
      <Filter>Header Files</Filter>
    </ClInclude>
    <ClInclude Include="QuestMGR.h">
      <Filter>Header Files</Filter>
    </ClInclude>
    <ClInclude Include="SkillComponent.h">
      <Filter>Header Files</Filter>
    </ClInclude>
    <ClInclude Include="StatComponent.h">
      <Filter>Header Files</Filter>
    </ClInclude>
    <ClInclude Include="StructureCollection.h">
      <Filter>Header Files</Filter>
    </ClInclude>
    <ClInclude Include="UnitAnimInstance.h">
      <Filter>Header Files</Filter>
    </ClInclude>
    <ClInclude Include="UnitBase.h">
      <Filter>Header Files</Filter>
    </ClInclude>
    <ClInclude Include="ai\AIControllerBase.h">
      <Filter>Header Files</Filter>
    </ClInclude>
    <ClInclude Include="ai\BossAIController.h">
      <Filter>Header Files</Filter>
    </ClInclude>
    <ClInclude Include="ai\Decorator_IsInAttackRange.h">
      <Filter>Header Files</Filter>
    </ClInclude>
    <ClInclude Include="ai\Deco_CheckUnitState.h">
      <Filter>Header Files</Filter>
    </ClInclude>
    <ClInclude Include="ai\EnemyAIController.h">
      <Filter>Header Files</Filter>
    </ClInclude>
    <ClInclude Include="ai\Service_Detect.h">
      <Filter>Header Files</Filter>
    </ClInclude>
    <ClInclude Include="ai\SummonAIController.h">
      <Filter>Header Files</Filter>
    </ClInclude>
    <ClInclude Include="ai\Task_AttackTarget.h">
      <Filter>Header Files</Filter>
    </ClInclude>
    <ClInclude Include="ai\Task_FindPatrolPos.h">
      <Filter>Header Files</Filter>
    </ClInclude>
    <ClInclude Include="ai\Tast_SetUnitState.h">
      <Filter>Header Files</Filter>
    </ClInclude>
    <ClInclude Include="interfacesystem\UISC_EnergyControlSystem.h">
      <Filter>Header Files</Filter>
    </ClInclude>
    <ClInclude Include="interfacesystem\UISC_EquipSystem.h">
      <Filter>Header Files</Filter>
    </ClInclude>
    <ClInclude Include="interfacesystem\UISC_MGR.h">
      <Filter>Header Files</Filter>
    </ClInclude>
    <ClInclude Include="interfacesystem\UISC_StatUp.h">
      <Filter>Header Files</Filter>
    </ClInclude>
    <ClInclude Include="interfacesystem\UserInterfaceSystemComponent.h">
      <Filter>Header Files</Filter>
    </ClInclude>
    <ClInclude Include="network\Buffer.h">
      <Filter>Header Files</Filter>
    </ClInclude>
    <ClInclude Include="network\Enum.pb.h">
      <Filter>Header Files</Filter>
    </ClInclude>
    <ClInclude Include="network\NetworkThread.h">
      <Filter>Header Files</Filter>
    </ClInclude>
    <ClInclude Include="network\Protocol.pb.h">
      <Filter>Header Files</Filter>
    </ClInclude>
    <ClInclude Include="network\ServerPacketHandler.h">
      <Filter>Header Files</Filter>
    </ClInclude>
    <ClInclude Include="network\ServerSession.h">
      <Filter>Header Files</Filter>
    </ClInclude>
    <ClInclude Include="network\Struct.pb.h">
      <Filter>Header Files</Filter>
    </ClInclude>
    <ClInclude Include="skill\Buff.h">
      <Filter>Header Files</Filter>
    </ClInclude>
    <ClInclude Include="skill\BuffEffectBase.h">
      <Filter>Header Files</Filter>
    </ClInclude>
    <ClInclude Include="skill\Projectile.h">
      <Filter>Header Files</Filter>
    </ClInclude>
    <ClInclude Include="skill\SkillBase.h">
      <Filter>Header Files</Filter>
    </ClInclude>
    <ClInclude Include="skill\Summoned_Warrior.h">
      <Filter>Header Files</Filter>
    </ClInclude>
    <ClInclude Include="skill\Summons_Fix.h">
      <Filter>Header Files</Filter>
    </ClInclude>
    <ClInclude Include="skill\Summons_Warrior.h">
      <Filter>Header Files</Filter>
    </ClInclude>
    <ClInclude Include="umg\InterfaceWithHotKeySlot_Base.h">
      <Filter>Header Files</Filter>
    </ClInclude>
    <ClInclude Include="umg\Interface_Window_Slot.h">
      <Filter>Header Files</Filter>
    </ClInclude>
    <ClInclude Include="umg\UMG_ChatBox.h">
      <Filter>Header Files</Filter>
    </ClInclude>
    <ClInclude Include="umg\UMG_ChatLine.h">
      <Filter>Header Files</Filter>
    </ClInclude>
    <ClInclude Include="umg\UMG_EquipmentFrame.h">
      <Filter>Header Files</Filter>
    </ClInclude>
    <ClInclude Include="umg\UMG_EquipmentSlot.h">
      <Filter>Header Files</Filter>
    </ClInclude>
    <ClInclude Include="umg\UMG_EquipmentWindow.h">
      <Filter>Header Files</Filter>
    </ClInclude>
    <ClInclude Include="umg\UMG_Frame.h">
      <Filter>Header Files</Filter>
    </ClInclude>
    <ClInclude Include="umg\UMG_GameHUD.h">
      <Filter>Header Files</Filter>
    </ClInclude>
    <ClInclude Include="umg\UMG_HotKeySlot.h">
      <Filter>Header Files</Filter>
    </ClInclude>
    <ClInclude Include="umg\UMG_HotKeyWindow.h">
      <Filter>Header Files</Filter>
    </ClInclude>
    <ClInclude Include="umg\UMG_InventoryFrame.h">
      <Filter>Header Files</Filter>
    </ClInclude>
    <ClInclude Include="umg\UMG_InventorySlot.h">
      <Filter>Header Files</Filter>
    </ClInclude>
    <ClInclude Include="umg\UMG_InventoryWindow.h">
      <Filter>Header Files</Filter>
    </ClInclude>
    <ClInclude Include="umg\UMG_Inven_ConsumptionSlot.h">
      <Filter>Header Files</Filter>
    </ClInclude>
    <ClInclude Include="umg\UMG_Inven_EquipmentSlot.h">
      <Filter>Header Files</Filter>
    </ClInclude>
    <ClInclude Include="umg\UMG_MainMenu.h">
      <Filter>Header Files</Filter>
    </ClInclude>
    <ClInclude Include="umg\UMG_SkillFrame.h">
      <Filter>Header Files</Filter>
    </ClInclude>
    <ClInclude Include="umg\UMG_SkillSlot.h">
      <Filter>Header Files</Filter>
    </ClInclude>
    <ClInclude Include="umg\UMG_SkillWindow.h">
      <Filter>Header Files</Filter>
    </ClInclude>
    <ClInclude Include="umg\UMG_StatFrame.h">
      <Filter>Header Files</Filter>
    </ClInclude>
    <ClInclude Include="umg\UMG_StatWindow.h">
      <Filter>Header Files</Filter>
    </ClInclude>
  </ItemGroup>
</Project>